
Microsoft Visual Studio Solution File, Format Version 12.00
# Visual Studio Version 17
VisualStudioVersion = 17.10.35027.167
MinimumVisualStudioVersion = 10.0.40219.1
Project("{FAE04EC0-301F-11D3-BF4B-00C04F79EFBC}") = "tpmodul5_103022300116", "tpmodul5_103022300116.csproj", "{B3E7FBCD-F79B-43EB-9964-8B1E97B89270}"
EndProject
Global
	GlobalSection(SolutionConfigurationPlatforms) = preSolution
		Debug|Any CPU = Debug|Any CPU
		Release|Any CPU = Release|Any CPU
	EndGlobalSection
	GlobalSection(ProjectConfigurationPlatforms) = postSolution
		{B3E7FBCD-F79B-43EB-9964-8B1E97B89270}.Debug|Any CPU.ActiveCfg = Debug|Any CPU
		{B3E7FBCD-F79B-43EB-9964-8B1E97B89270}.Debug|Any CPU.Build.0 = Debug|Any CPU
		{B3E7FBCD-F79B-43EB-9964-8B1E97B89270}.Release|Any CPU.ActiveCfg = Release|Any CPU
		{B3E7FBCD-F79B-43EB-9964-8B1E97B89270}.Release|Any CPU.Build.0 = Release|Any CPU
	EndGlobalSection
	GlobalSection(SolutionProperties) = preSolution
		HideSolutionNode = FALSE
	EndGlobalSection
	GlobalSection(ExtensibilityGlobals) = postSolution
		SolutionGuid = {A54A7DD3-299B-4DE7-B904-E1E2C0A5225B}
	EndGlobalSection
EndGlobal
